
Microsoft Visual Studio Solution File, Format Version 12.00
# Visual Studio 15
VisualStudioVersion = 15.0.27703.2018
MinimumVisualStudioVersion = 10.0.40219.1
Project("{FAE04EC0-301F-11D3-BF4B-00C04F79EFBC}") = "CookIt.Android", "CookIt\CookIt.Android\CookIt.Android.csproj", "{F5919680-E67A-470A-86B6-0CA1BD732786}"
EndProject
Project("{FAE04EC0-301F-11D3-BF4B-00C04F79EFBC}") = "CookIt.iOS", "CookIt\CookIt.iOS\CookIt.iOS.csproj", "{B81765FF-FA85-4ED9-B175-32E3407B10FF}"
EndProject
Project("{FAE04EC0-301F-11D3-BF4B-00C04F79EFBC}") = "CookIt", "CookIt\CookIt\CookIt.csproj", "{3A9B6B07-DE7B-4915-8550-D158755DEC2D}"
EndProject
Global
	GlobalSection(SolutionConfigurationPlatforms) = preSolution
		Ad-Hoc|Any CPU = Ad-Hoc|Any CPU
		Ad-Hoc|iPhone = Ad-Hoc|iPhone
		Ad-Hoc|iPhoneSimulator = Ad-Hoc|iPhoneSimulator
		AppStore|Any CPU = AppStore|Any CPU
		AppStore|iPhone = AppStore|iPhone
		AppStore|iPhoneSimulator = AppStore|iPhoneSimulator
		Debug|Any CPU = Debug|Any CPU
		Debug|iPhone = Debug|iPhone
		Debug|iPhoneSimulator = Debug|iPhoneSimulator
		Release|Any CPU = Release|Any CPU
		Release|iPhone = Release|iPhone
		Release|iPhoneSimulator = Release|iPhoneSimulator
	EndGlobalSection
	GlobalSection(ProjectConfigurationPlatforms) = postSolution
		{F5919680-E67A-470A-86B6-0CA1BD732786}.Ad-Hoc|Any CPU.ActiveCfg = Release|Any CPU
		{F5919680-E67A-470A-86B6-0CA1BD732786}.Ad-Hoc|Any CPU.Build.0 = Release|Any CPU
		{F5919680-E67A-470A-86B6-0CA1BD732786}.Ad-Hoc|Any CPU.Deploy.0 = Release|Any CPU
		{F5919680-E67A-470A-86B6-0CA1BD732786}.Ad-Hoc|iPhone.ActiveCfg = Release|Any CPU
		{F5919680-E67A-470A-86B6-0CA1BD732786}.Ad-Hoc|iPhone.Build.0 = Release|Any CPU
		{F5919680-E67A-470A-86B6-0CA1BD732786}.Ad-Hoc|iPhone.Deploy.0 = Release|Any CPU
		{F5919680-E67A-470A-86B6-0CA1BD732786}.Ad-Hoc|iPhoneSimulator.ActiveCfg = Release|Any CPU
		{F5919680-E67A-470A-86B6-0CA1BD732786}.Ad-Hoc|iPhoneSimulator.Build.0 = Release|Any CPU
		{F5919680-E67A-470A-86B6-0CA1BD732786}.Ad-Hoc|iPhoneSimulator.Deploy.0 = Release|Any CPU
		{F5919680-E67A-470A-86B6-0CA1BD732786}.AppStore|Any CPU.ActiveCfg = Release|Any CPU
		{F5919680-E67A-470A-86B6-0CA1BD732786}.AppStore|Any CPU.Build.0 = Release|Any CPU
		{F5919680-E67A-470A-86B6-0CA1BD732786}.AppStore|Any CPU.Deploy.0 = Release|Any CPU
		{F5919680-E67A-470A-86B6-0CA1BD732786}.AppStore|iPhone.ActiveCfg = Release|Any CPU
		{F5919680-E67A-470A-86B6-0CA1BD732786}.AppStore|iPhone.Build.0 = Release|Any CPU
		{F5919680-E67A-470A-86B6-0CA1BD732786}.AppStore|iPhone.Deploy.0 = Release|Any CPU
		{F5919680-E67A-470A-86B6-0CA1BD732786}.AppStore|iPhoneSimulator.ActiveCfg = Release|Any CPU
		{F5919680-E67A-470A-86B6-0CA1BD732786}.AppStore|iPhoneSimulator.Build.0 = Release|Any CPU
		{F5919680-E67A-470A-86B6-0CA1BD732786}.AppStore|iPhoneSimulator.Deploy.0 = Release|Any CPU
		{F5919680-E67A-470A-86B6-0CA1BD732786}.Debug|Any CPU.ActiveCfg = Debug|Any CPU
		{F5919680-E67A-470A-86B6-0CA1BD732786}.Debug|Any CPU.Build.0 = Debug|Any CPU
		{F5919680-E67A-470A-86B6-0CA1BD732786}.Debug|Any CPU.Deploy.0 = Debug|Any CPU
		{F5919680-E67A-470A-86B6-0CA1BD732786}.Debug|iPhone.ActiveCfg = Debug|Any CPU
		{F5919680-E67A-470A-86B6-0CA1BD732786}.Debug|iPhone.Build.0 = Debug|Any CPU
		{F5919680-E67A-470A-86B6-0CA1BD732786}.Debug|iPhone.Deploy.0 = Debug|Any CPU
		{F5919680-E67A-470A-86B6-0CA1BD732786}.Debug|iPhoneSimulator.ActiveCfg = Debug|Any CPU
		{F5919680-E67A-470A-86B6-0CA1BD732786}.Debug|iPhoneSimulator.Build.0 = Debug|Any CPU
		{F5919680-E67A-470A-86B6-0CA1BD732786}.Debug|iPhoneSimulator.Deploy.0 = Debug|Any CPU
		{F5919680-E67A-470A-86B6-0CA1BD732786}.Release|Any CPU.ActiveCfg = Release|Any CPU
		{F5919680-E67A-470A-86B6-0CA1BD732786}.Release|Any CPU.Build.0 = Release|Any CPU
		{F5919680-E67A-470A-86B6-0CA1BD732786}.Release|Any CPU.Deploy.0 = Release|Any CPU
		{F5919680-E67A-470A-86B6-0CA1BD732786}.Release|iPhone.ActiveCfg = Release|Any CPU
		{F5919680-E67A-470A-86B6-0CA1BD732786}.Release|iPhone.Build.0 = Release|Any CPU
		{F5919680-E67A-470A-86B6-0CA1BD732786}.Release|iPhone.Deploy.0 = Release|Any CPU
		{F5919680-E67A-470A-86B6-0CA1BD732786}.Release|iPhoneSimulator.ActiveCfg = Release|Any CPU
		{F5919680-E67A-470A-86B6-0CA1BD732786}.Release|iPhoneSimulator.Build.0 = Release|Any CPU
		{F5919680-E67A-470A-86B6-0CA1BD732786}.Release|iPhoneSimulator.Deploy.0 = Release|Any CPU
		{B81765FF-FA85-4ED9-B175-32E3407B10FF}.Ad-Hoc|Any CPU.ActiveCfg = Ad-Hoc|iPhone
		{B81765FF-FA85-4ED9-B175-32E3407B10FF}.Ad-Hoc|Any CPU.Build.0 = Ad-Hoc|iPhone
		{B81765FF-FA85-4ED9-B175-32E3407B10FF}.Ad-Hoc|Any CPU.Deploy.0 = Ad-Hoc|iPhone
		{B81765FF-FA85-4ED9-B175-32E3407B10FF}.Ad-Hoc|iPhone.ActiveCfg = Ad-Hoc|iPhone
		{B81765FF-FA85-4ED9-B175-32E3407B10FF}.Ad-Hoc|iPhone.Build.0 = Ad-Hoc|iPhone
		{B81765FF-FA85-4ED9-B175-32E3407B10FF}.Ad-Hoc|iPhone.Deploy.0 = Ad-Hoc|iPhone
		{B81765FF-FA85-4ED9-B175-32E3407B10FF}.Ad-Hoc|iPhoneSimulator.ActiveCfg = Ad-Hoc|iPhoneSimulator
		{B81765FF-FA85-4ED9-B175-32E3407B10FF}.Ad-Hoc|iPhoneSimulator.Build.0 = Ad-Hoc|iPhoneSimulator
		{B81765FF-FA85-4ED9-B175-32E3407B10FF}.Ad-Hoc|iPhoneSimulator.Deploy.0 = Ad-Hoc|iPhoneSimulator
		{B81765FF-FA85-4ED9-B175-32E3407B10FF}.AppStore|Any CPU.ActiveCfg = AppStore|iPhone
		{B81765FF-FA85-4ED9-B175-32E3407B10FF}.AppStore|Any CPU.Build.0 = AppStore|iPhone
		{B81765FF-FA85-4ED9-B175-32E3407B10FF}.AppStore|Any CPU.Deploy.0 = AppStore|iPhone
		{B81765FF-FA85-4ED9-B175-32E3407B10FF}.AppStore|iPhone.ActiveCfg = AppStore|iPhone
		{B81765FF-FA85-4ED9-B175-32E3407B10FF}.AppStore|iPhone.Build.0 = AppStore|iPhone
		{B81765FF-FA85-4ED9-B175-32E3407B10FF}.AppStore|iPhone.Deploy.0 = AppStore|iPhone
		{B81765FF-FA85-4ED9-B175-32E3407B10FF}.AppStore|iPhoneSimulator.ActiveCfg = AppStore|iPhoneSimulator
		{B81765FF-FA85-4ED9-B175-32E3407B10FF}.AppStore|iPhoneSimulator.Build.0 = AppStore|iPhoneSimulator
		{B81765FF-FA85-4ED9-B175-32E3407B10FF}.AppStore|iPhoneSimulator.Deploy.0 = AppStore|iPhoneSimulator
		{B81765FF-FA85-4ED9-B175-32E3407B10FF}.Debug|Any CPU.ActiveCfg = Debug|iPhoneSimulator
		{B81765FF-FA85-4ED9-B175-32E3407B10FF}.Debug|Any CPU.Build.0 = Debug|iPhoneSimulator
		{B81765FF-FA85-4ED9-B175-32E3407B10FF}.Debug|Any CPU.Deploy.0 = Debug|iPhoneSimulator
		{B81765FF-FA85-4ED9-B175-32E3407B10FF}.Debug|iPhone.ActiveCfg = Debug|iPhone
		{B81765FF-FA85-4ED9-B175-32E3407B10FF}.Debug|iPhone.Build.0 = Debug|iPhone
		{B81765FF-FA85-4ED9-B175-32E3407B10FF}.Debug|iPhone.Deploy.0 = Debug|iPhone
		{B81765FF-FA85-4ED9-B175-32E3407B10FF}.Debug|iPhoneSimulator.ActiveCfg = Debug|iPhoneSimulator
		{B81765FF-FA85-4ED9-B175-32E3407B10FF}.Debug|iPhoneSimulator.Build.0 = Debug|iPhoneSimulator
		{B81765FF-FA85-4ED9-B175-32E3407B10FF}.Debug|iPhoneSimulator.Deploy.0 = Debug|iPhoneSimulator
		{B81765FF-FA85-4ED9-B175-32E3407B10FF}.Release|Any CPU.ActiveCfg = Release|iPhone
		{B81765FF-FA85-4ED9-B175-32E3407B10FF}.Release|Any CPU.Build.0 = Release|iPhone
		{B81765FF-FA85-4ED9-B175-32E3407B10FF}.Release|Any CPU.Deploy.0 = Release|iPhone
		{B81765FF-FA85-4ED9-B175-32E3407B10FF}.Release|iPhone.ActiveCfg = Release|iPhone
		{B81765FF-FA85-4ED9-B175-32E3407B10FF}.Release|iPhone.Build.0 = Release|iPhone
		{B81765FF-FA85-4ED9-B175-32E3407B10FF}.Release|iPhone.Deploy.0 = Release|iPhone
		{B81765FF-FA85-4ED9-B175-32E3407B10FF}.Release|iPhoneSimulator.ActiveCfg = Release|iPhoneSimulator
		{B81765FF-FA85-4ED9-B175-32E3407B10FF}.Release|iPhoneSimulator.Build.0 = Release|iPhoneSimulator
		{B81765FF-FA85-4ED9-B175-32E3407B10FF}.Release|iPhoneSimulator.Deploy.0 = Release|iPhoneSimulator
		{3A9B6B07-DE7B-4915-8550-D158755DEC2D}.Ad-Hoc|Any CPU.ActiveCfg = Debug|Any CPU
		{3A9B6B07-DE7B-4915-8550-D158755DEC2D}.Ad-Hoc|Any CPU.Build.0 = Debug|Any CPU
		{3A9B6B07-DE7B-4915-8550-D158755DEC2D}.Ad-Hoc|Any CPU.Deploy.0 = Debug|Any CPU
		{3A9B6B07-DE7B-4915-8550-D158755DEC2D}.Ad-Hoc|iPhone.ActiveCfg = Debug|Any CPU
		{3A9B6B07-DE7B-4915-8550-D158755DEC2D}.Ad-Hoc|iPhone.Build.0 = Debug|Any CPU
		{3A9B6B07-DE7B-4915-8550-D158755DEC2D}.Ad-Hoc|iPhone.Deploy.0 = Debug|Any CPU
		{3A9B6B07-DE7B-4915-8550-D158755DEC2D}.Ad-Hoc|iPhoneSimulator.ActiveCfg = Debug|Any CPU
		{3A9B6B07-DE7B-4915-8550-D158755DEC2D}.Ad-Hoc|iPhoneSimulator.Build.0 = Debug|Any CPU
		{3A9B6B07-DE7B-4915-8550-D158755DEC2D}.Ad-Hoc|iPhoneSimulator.Deploy.0 = Debug|Any CPU
		{3A9B6B07-DE7B-4915-8550-D158755DEC2D}.AppStore|Any CPU.ActiveCfg = Debug|Any CPU
		{3A9B6B07-DE7B-4915-8550-D158755DEC2D}.AppStore|Any CPU.Build.0 = Debug|Any CPU
		{3A9B6B07-DE7B-4915-8550-D158755DEC2D}.AppStore|Any CPU.Deploy.0 = Debug|Any CPU
		{3A9B6B07-DE7B-4915-8550-D158755DEC2D}.AppStore|iPhone.ActiveCfg = Debug|Any CPU
		{3A9B6B07-DE7B-4915-8550-D158755DEC2D}.AppStore|iPhone.Build.0 = Debug|Any CPU
		{3A9B6B07-DE7B-4915-8550-D158755DEC2D}.AppStore|iPhone.Deploy.0 = Debug|Any CPU
		{3A9B6B07-DE7B-4915-8550-D158755DEC2D}.AppStore|iPhoneSimulator.ActiveCfg = Debug|Any CPU
		{3A9B6B07-DE7B-4915-8550-D158755DEC2D}.AppStore|iPhoneSimulator.Build.0 = Debug|Any CPU
		{3A9B6B07-DE7B-4915-8550-D158755DEC2D}.AppStore|iPhoneSimulator.Deploy.0 = Debug|Any CPU
		{3A9B6B07-DE7B-4915-8550-D158755DEC2D}.Debug|Any CPU.ActiveCfg = Debug|Any CPU
		{3A9B6B07-DE7B-4915-8550-D158755DEC2D}.Debug|Any CPU.Build.0 = Debug|Any CPU
		{3A9B6B07-DE7B-4915-8550-D158755DEC2D}.Debug|Any CPU.Deploy.0 = Debug|Any CPU
		{3A9B6B07-DE7B-4915-8550-D158755DEC2D}.Debug|iPhone.ActiveCfg = Debug|Any CPU
		{3A9B6B07-DE7B-4915-8550-D158755DEC2D}.Debug|iPhone.Build.0 = Debug|Any CPU
		{3A9B6B07-DE7B-4915-8550-D158755DEC2D}.Debug|iPhone.Deploy.0 = Debug|Any CPU
		{3A9B6B07-DE7B-4915-8550-D158755DEC2D}.Debug|iPhoneSimulator.ActiveCfg = Debug|Any CPU
		{3A9B6B07-DE7B-4915-8550-D158755DEC2D}.Debug|iPhoneSimulator.Build.0 = Debug|Any CPU
		{3A9B6B07-DE7B-4915-8550-D158755DEC2D}.Debug|iPhoneSimulator.Deploy.0 = Debug|Any CPU
		{3A9B6B07-DE7B-4915-8550-D158755DEC2D}.Release|Any CPU.ActiveCfg = Release|Any CPU
		{3A9B6B07-DE7B-4915-8550-D158755DEC2D}.Release|Any CPU.Build.0 = Release|Any CPU
		{3A9B6B07-DE7B-4915-8550-D158755DEC2D}.Release|Any CPU.Deploy.0 = Release|Any CPU
		{3A9B6B07-DE7B-4915-8550-D158755DEC2D}.Release|iPhone.ActiveCfg = Release|Any CPU
		{3A9B6B07-DE7B-4915-8550-D158755DEC2D}.Release|iPhone.Build.0 = Release|Any CPU
		{3A9B6B07-DE7B-4915-8550-D158755DEC2D}.Release|iPhone.Deploy.0 = Release|Any CPU
		{3A9B6B07-DE7B-4915-8550-D158755DEC2D}.Release|iPhoneSimulator.ActiveCfg = Release|Any CPU
		{3A9B6B07-DE7B-4915-8550-D158755DEC2D}.Release|iPhoneSimulator.Build.0 = Release|Any CPU
		{3A9B6B07-DE7B-4915-8550-D158755DEC2D}.Release|iPhoneSimulator.Deploy.0 = Release|Any CPU
	EndGlobalSection
	GlobalSection(SolutionProperties) = preSolution
		HideSolutionNode = FALSE
	EndGlobalSection
	GlobalSection(ExtensibilityGlobals) = postSolution
		SolutionGuid = {DEBE247E-D3A2-49ED-AA8F-FCDC914C90E1}
	EndGlobalSection
EndGlobal
